// !$*UTF8*$!
{
	archiveVersion = 1;
	classes = {
	};
	objectVersion = 50;
	objects = {

/* Begin PBXBuildFile section */
		65034E52257DA083006F9BAD /* FruitDetailView.swift in Sources */ = {isa = PBXBuildFile; fileRef = 65034E51257DA083006F9BAD /* FruitDetailView.swift */; };
		6589CDB325B8F82E00CF3347 /* FruitHeaderView.swift in Sources */ = {isa = PBXBuildFile; fileRef = 6589CDB225B8F82E00CF3347 /* FruitHeaderView.swift */; };
		6589CDB625BE21F800CF3347 /* SourceLinkView.swift in Sources */ = {isa = PBXBuildFile; fileRef = 6589CDB525BE21F800CF3347 /* SourceLinkView.swift */; };
		65A25D2F2523E5AD00B3102F /* OnboardingView.swift in Sources */ = {isa = PBXBuildFile; fileRef = 65A25D2E2523E5AD00B3102F /* OnboardingView.swift */; };
		65A25D322524210500B3102F /* FruitModel.swift in Sources */ = {isa = PBXBuildFile; fileRef = 65A25D312524210500B3102F /* FruitModel.swift */; };
		65A25D352524221B00B3102F /* FruitData.swift in Sources */ = {isa = PBXBuildFile; fileRef = 65A25D342524221B00B3102F /* FruitData.swift */; };
		65A25D37252A586600B3102F /* FruitRowView.swift in Sources */ = {isa = PBXBuildFile; fileRef = 65A25D36252A586600B3102F /* FruitRowView.swift */; };
		65A30EA324E34272008ECC5D /* FructusApp.swift in Sources */ = {isa = PBXBuildFile; fileRef = 65A30EA224E34272008ECC5D /* FructusApp.swift */; };
		65A30EA724E34275008ECC5D /* Assets.xcassets in Resources */ = {isa = PBXBuildFile; fileRef = 65A30EA624E34275008ECC5D /* Assets.xcassets */; };
		65A30EAA24E34275008ECC5D /* Preview Assets.xcassets in Resources */ = {isa = PBXBuildFile; fileRef = 65A30EA924E34275008ECC5D /* Preview Assets.xcassets */; };
		65A30EB424E348B2008ECC5D /* FruitCardView.swift in Sources */ = {isa = PBXBuildFile; fileRef = 65A30EB324E348B2008ECC5D /* FruitCardView.swift */; };
		65A4C87125BF7B3B0003762E /* SettingsView.swift in Sources */ = {isa = PBXBuildFile; fileRef = 65A4C87025BF7B3B0003762E /* SettingsView.swift */; };
		65A4C87425BFA3DC0003762E /* SettingsLabelView.swift in Sources */ = {isa = PBXBuildFile; fileRef = 65A4C87325BFA3DC0003762E /* SettingsLabelView.swift */; };
		65A957F82521296D00A37893 /* ContentView.swift in Sources */ = {isa = PBXBuildFile; fileRef = 65A957F72521296D00A37893 /* ContentView.swift */; };
		65A957FA25216C4E00A37893 /* StartButtonView.swift in Sources */ = {isa = PBXBuildFile; fileRef = 65A957F925216C4E00A37893 /* StartButtonView.swift */; };
		65C5BDFB25BE2ACC00993387 /* FruitNutrientsView.swift in Sources */ = {isa = PBXBuildFile; fileRef = 65C5BDFA25BE2ACC00993387 /* FruitNutrientsView.swift */; };
/* End PBXBuildFile section */

/* Begin PBXFileReference section */
		65034E51257DA083006F9BAD /* FruitDetailView.swift */ = {isa = PBXFileReference; lastKnownFileType = sourcecode.swift; path = FruitDetailView.swift; sourceTree = "<group>"; };
		6589CDB225B8F82E00CF3347 /* FruitHeaderView.swift */ = {isa = PBXFileReference; lastKnownFileType = sourcecode.swift; path = FruitHeaderView.swift; sourceTree = "<group>"; };
		6589CDB525BE21F800CF3347 /* SourceLinkView.swift */ = {isa = PBXFileReference; lastKnownFileType = sourcecode.swift; path = SourceLinkView.swift; sourceTree = "<group>"; };
		65A25D2E2523E5AD00B3102F /* OnboardingView.swift */ = {isa = PBXFileReference; lastKnownFileType = sourcecode.swift; path = OnboardingView.swift; sourceTree = "<group>"; };
		65A25D312524210500B3102F /* FruitModel.swift */ = {isa = PBXFileReference; lastKnownFileType = sourcecode.swift; path = FruitModel.swift; sourceTree = "<group>"; };
		65A25D342524221B00B3102F /* FruitData.swift */ = {isa = PBXFileReference; lastKnownFileType = sourcecode.swift; path = FruitData.swift; sourceTree = "<group>"; };
		65A25D36252A586600B3102F /* FruitRowView.swift */ = {isa = PBXFileReference; lastKnownFileType = sourcecode.swift; path = FruitRowView.swift; sourceTree = "<group>"; };
		65A30E9F24E34272008ECC5D /* Fructus.app */ = {isa = PBXFileReference; explicitFileType = wrapper.application; includeInIndex = 0; path = Fructus.app; sourceTree = BUILT_PRODUCTS_DIR; };
		65A30EA224E34272008ECC5D /* FructusApp.swift */ = {isa = PBXFileReference; lastKnownFileType = sourcecode.swift; path = FructusApp.swift; sourceTree = "<group>"; };
		65A30EA624E34275008ECC5D /* Assets.xcassets */ = {isa = PBXFileReference; lastKnownFileType = folder.assetcatalog; path = Assets.xcassets; sourceTree = "<group>"; };
		65A30EA924E34275008ECC5D /* Preview Assets.xcassets */ = {isa = PBXFileReference; lastKnownFileType = folder.assetcatalog; path = "Preview Assets.xcassets"; sourceTree = "<group>"; };
		65A30EAB24E34275008ECC5D /* Info.plist */ = {isa = PBXFileReference; lastKnownFileType = text.plist.xml; path = Info.plist; sourceTree = "<group>"; };
		65A30EB324E348B2008ECC5D /* FruitCardView.swift */ = {isa = PBXFileReference; lastKnownFileType = sourcecode.swift; path = FruitCardView.swift; sourceTree = "<group>"; };
		65A4C87025BF7B3B0003762E /* SettingsView.swift */ = {isa = PBXFileReference; lastKnownFileType = sourcecode.swift; path = SettingsView.swift; sourceTree = "<group>"; };
		65A4C87325BFA3DC0003762E /* SettingsLabelView.swift */ = {isa = PBXFileReference; lastKnownFileType = sourcecode.swift; path = SettingsLabelView.swift; sourceTree = "<group>"; };
		65A957F72521296D00A37893 /* ContentView.swift */ = {isa = PBXFileReference; lastKnownFileType = sourcecode.swift; path = ContentView.swift; sourceTree = "<group>"; };
		65A957F925216C4E00A37893 /* StartButtonView.swift */ = {isa = PBXFileReference; lastKnownFileType = sourcecode.swift; path = StartButtonView.swift; sourceTree = "<group>"; };
		65C5BDFA25BE2ACC00993387 /* FruitNutrientsView.swift */ = {isa = PBXFileReference; lastKnownFileType = sourcecode.swift; path = FruitNutrientsView.swift; sourceTree = "<group>"; };
/* End PBXFileReference section */

/* Begin PBXFrameworksBuildPhase section */
		65A30E9C24E34272008ECC5D /* Frameworks */ = {
			isa = PBXFrameworksBuildPhase;
			buildActionMask = 2147483647;
			files = (
			);
			runOnlyForDeploymentPostprocessing = 0;
		};
/* End PBXFrameworksBuildPhase section */

/* Begin PBXGroup section */
		65A25D30252420E400B3102F /* Model */ = {
			isa = PBXGroup;
			children = (
				65A25D312524210500B3102F /* FruitModel.swift */,
			);
			path = Model;
			sourceTree = "<group>";
		};
		65A25D332524220300B3102F /* Data */ = {
			isa = PBXGroup;
			children = (
				65A25D342524221B00B3102F /* FruitData.swift */,
			);
			path = Data;
			sourceTree = "<group>";
		};
		65A30E9624E34272008ECC5D = {
			isa = PBXGroup;
			children = (
				65A30EA124E34272008ECC5D /* Fructus */,
				65A30EA024E34272008ECC5D /* Products */,
			);
			sourceTree = "<group>";
		};
		65A30EA024E34272008ECC5D /* Products */ = {
			isa = PBXGroup;
			children = (
				65A30E9F24E34272008ECC5D /* Fructus.app */,
			);
			name = Products;
			sourceTree = "<group>";
		};
		65A30EA124E34272008ECC5D /* Fructus */ = {
			isa = PBXGroup;
			children = (
				65A25D332524220300B3102F /* Data */,
				65A25D30252420E400B3102F /* Model */,
				65A30EB224E34859008ECC5D /* View */,
				65A30EB124E34826008ECC5D /* App */,
				65A30EA624E34275008ECC5D /* Assets.xcassets */,
				65A30EAB24E34275008ECC5D /* Info.plist */,
				65A30EA824E34275008ECC5D /* Preview Content */,
			);
			path = Fructus;
			sourceTree = "<group>";
		};
		65A30EA824E34275008ECC5D /* Preview Content */ = {
			isa = PBXGroup;
			children = (
				65A30EA924E34275008ECC5D /* Preview Assets.xcassets */,
			);
			path = "Preview Content";
			sourceTree = "<group>";
		};
		65A30EB124E34826008ECC5D /* App */ = {
			isa = PBXGroup;
			children = (
				65A30EA224E34272008ECC5D /* FructusApp.swift */,
				65A957F72521296D00A37893 /* ContentView.swift */,
				65A25D2E2523E5AD00B3102F /* OnboardingView.swift */,
				65034E51257DA083006F9BAD /* FruitDetailView.swift */,
				65A4C87025BF7B3B0003762E /* SettingsView.swift */,
			);
			path = App;
			sourceTree = "<group>";
		};
		65A30EB224E34859008ECC5D /* View */ = {
			isa = PBXGroup;
			children = (
				65A30EB324E348B2008ECC5D /* FruitCardView.swift */,
				65A957F925216C4E00A37893 /* StartButtonView.swift */,
				65A25D36252A586600B3102F /* FruitRowView.swift */,
				6589CDB225B8F82E00CF3347 /* FruitHeaderView.swift */,
				6589CDB525BE21F800CF3347 /* SourceLinkView.swift */,
				65C5BDFA25BE2ACC00993387 /* FruitNutrientsView.swift */,
				65A4C87325BFA3DC0003762E /* SettingsLabelView.swift */,
			);
			name = View;
			sourceTree = "<group>";
		};
/* End PBXGroup section */

/* Begin PBXNativeTarget section */
		65A30E9E24E34272008ECC5D /* Fructus */ = {
			isa = PBXNativeTarget;
			buildConfigurationList = 65A30EAE24E34275008ECC5D /* Build configuration list for PBXNativeTarget "Fructus" */;
			buildPhases = (
				65A30E9B24E34272008ECC5D /* Sources */,
				65A30E9C24E34272008ECC5D /* Frameworks */,
				65A30E9D24E34272008ECC5D /* Resources */,
			);
			buildRules = (
			);
			dependencies = (
			);
			name = Fructus;
			productName = Fructus;
			productReference = 65A30E9F24E34272008ECC5D /* Fructus.app */;
			productType = "com.apple.product-type.application";
		};
/* End PBXNativeTarget section */

/* Begin PBXProject section */
		65A30E9724E34272008ECC5D /* Project object */ = {
			isa = PBXProject;
			attributes = {
				LastSwiftUpdateCheck = 1200;
				LastUpgradeCheck = 1200;
				TargetAttributes = {
					65A30E9E24E34272008ECC5D = {
						CreatedOnToolsVersion = 12.0;
					};
				};
			};
			buildConfigurationList = 65A30E9A24E34272008ECC5D /* Build configuration list for PBXProject "Fructus" */;
			compatibilityVersion = "Xcode 9.3";
			developmentRegion = en;
			hasScannedForEncodings = 0;
			knownRegions = (
				en,
				Base,
			);
			mainGroup = 65A30E9624E34272008ECC5D;
			productRefGroup = 65A30EA024E34272008ECC5D /* Products */;
			projectDirPath = "";
			projectRoot = "";
			targets = (
				65A30E9E24E34272008ECC5D /* Fructus */,
			);
		};
/* End PBXProject section */

/* Begin PBXResourcesBuildPhase section */
		65A30E9D24E34272008ECC5D /* Resources */ = {
			isa = PBXResourcesBuildPhase;
			buildActionMask = 2147483647;
			files = (
				65A30EAA24E34275008ECC5D /* Preview Assets.xcassets in Resources */,
				65A30EA724E34275008ECC5D /* Assets.xcassets in Resources */,
			);
			runOnlyForDeploymentPostprocessing = 0;
		};
/* End PBXResourcesBuildPhase section */

/* Begin PBXSourcesBuildPhase section */
		65A30E9B24E34272008ECC5D /* Sources */ = {
			isa = PBXSourcesBuildPhase;
			buildActionMask = 2147483647;
			files = (
				65A25D352524221B00B3102F /* FruitData.swift in Sources */,
				6589CDB625BE21F800CF3347 /* SourceLinkView.swift in Sources */,
				65A30EB424E348B2008ECC5D /* FruitCardView.swift in Sources */,
				65A25D37252A586600B3102F /* FruitRowView.swift in Sources */,
				65C5BDFB25BE2ACC00993387 /* FruitNutrientsView.swift in Sources */,
				65A957FA25216C4E00A37893 /* StartButtonView.swift in Sources */,
				65034E52257DA083006F9BAD /* FruitDetailView.swift in Sources */,
				65A30EA324E34272008ECC5D /* FructusApp.swift in Sources */,
				6589CDB325B8F82E00CF3347 /* FruitHeaderView.swift in Sources */,
				65A25D2F2523E5AD00B3102F /* OnboardingView.swift in Sources */,
				65A4C87425BFA3DC0003762E /* SettingsLabelView.swift in Sources */,
				65A25D322524210500B3102F /* FruitModel.swift in Sources */,
				65A957F82521296D00A37893 /* ContentView.swift in Sources */,
				65A4C87125BF7B3B0003762E /* SettingsView.swift in Sources */,
			);
			runOnlyForDeploymentPostprocessing = 0;
		};
/* End PBXSourcesBuildPhase section */

/* Begin XCBuildConfiguration section */
		65A30EAC24E34275008ECC5D /* Debug */ = {
			isa = XCBuildConfiguration;
			buildSettings = {
				ALWAYS_SEARCH_USER_PATHS = NO;
				CLANG_ANALYZER_NONNULL = YES;
				CLANG_ANALYZER_NUMBER_OBJECT_CONVERSION = YES_AGGRESSIVE;
				CLANG_CXX_LANGUAGE_STANDARD = "gnu++14";
				CLANG_CXX_LIBRARY = "libc++";
				CLANG_ENABLE_MODULES = YES;
				CLANG_ENABLE_OBJC_ARC = YES;
				CLANG_ENABLE_OBJC_WEAK = YES;
				CLANG_WARN_BLOCK_CAPTURE_AUTORELEASING = YES;
				CLANG_WARN_BOOL_CONVERSION = YES;
				CLANG_WARN_COMMA = YES;
				CLANG_WARN_CONSTANT_CONVERSION = YES;
				CLANG_WARN_DEPRECATED_OBJC_IMPLEMENTATIONS = YES;
				CLANG_WARN_DIRECT_OBJC_ISA_USAGE = YES_ERROR;
				CLANG_WARN_DOCUMENTATION_COMMENTS = YES;
				CLANG_WARN_EMPTY_BODY = YES;
				CLANG_WARN_ENUM_CONVERSION = YES;
				CLANG_WARN_INFINITE_RECURSION = YES;
				CLANG_WARN_INT_CONVERSION = YES;
				CLANG_WARN_NON_LITERAL_NULL_CONVERSION = YES;
				CLANG_WARN_OBJC_IMPLICIT_RETAIN_SELF = YES;
				CLANG_WARN_OBJC_LITERAL_CONVERSION = YES;
				CLANG_WARN_OBJC_ROOT_CLASS = YES_ERROR;
				CLANG_WARN_QUOTED_INCLUDE_IN_FRAMEWORK_HEADER = YES;
				CLANG_WARN_RANGE_LOOP_ANALYSIS = YES;
				CLANG_WARN_STRICT_PROTOTYPES = YES;
				CLANG_WARN_SUSPICIOUS_MOVE = YES;
				CLANG_WARN_UNGUARDED_AVAILABILITY = YES_AGGRESSIVE;
				CLANG_WARN_UNREACHABLE_CODE = YES;
				CLANG_WARN__DUPLICATE_METHOD_MATCH = YES;
				COPY_PHASE_STRIP = NO;
				DEBUG_INFORMATION_FORMAT = dwarf;
				ENABLE_STRICT_OBJC_MSGSEND = YES;
				ENABLE_TESTABILITY = YES;
				GCC_C_LANGUAGE_STANDARD = gnu11;
				GCC_DYNAMIC_NO_PIC = NO;
				GCC_NO_COMMON_BLOCKS = YES;
				GCC_OPTIMIZATION_LEVEL = 0;
				GCC_PREPROCESSOR_DEFINITIONS = (
					"DEBUG=1",
					"$(inherited)",
				);
				GCC_WARN_64_TO_32_BIT_CONVERSION = YES;
				GCC_WARN_ABOUT_RETURN_TYPE = YES_ERROR;
				GCC_WARN_UNDECLARED_SELECTOR = YES;
				GCC_WARN_UNINITIALIZED_AUTOS = YES_AGGRESSIVE;
				GCC_WARN_UNUSED_FUNCTION = YES;
				GCC_WARN_UNUSED_VARIABLE = YES;
				IPHONEOS_DEPLOYMENT_TARGET = 14.0;
				MTL_ENABLE_DEBUG_INFO = INCLUDE_SOURCE;
				MTL_FAST_MATH = YES;
				ONLY_ACTIVE_ARCH = YES;
				SDKROOT = iphoneos;
				SWIFT_ACTIVE_COMPILATION_CONDITIONS = DEBUG;
				SWIFT_OPTIMIZATION_LEVEL = "-Onone";
			};
			name = Debug;
		};
		65A30EAD24E34275008ECC5D /* Release */ = {
			isa = XCBuildConfiguration;
			buildSettings = {
				ALWAYS_SEARCH_USER_PATHS = NO;
				CLANG_ANALYZER_NONNULL = YES;
				CLANG_ANALYZER_NUMBER_OBJECT_CONVERSION = YES_AGGRESSIVE;
				CLANG_CXX_LANGUAGE_STANDARD = "gnu++14";
				CLANG_CXX_LIBRARY = "libc++";
				CLANG_ENABLE_MODULES = YES;
				CLANG_ENABLE_OBJC_ARC = YES;
				CLANG_ENABLE_OBJC_WEAK = YES;
				CLANG_WARN_BLOCK_CAPTURE_AUTORELEASING = YES;
				CLANG_WARN_BOOL_CONVERSION = YES;
				CLANG_WARN_COMMA = YES;
				CLANG_WARN_CONSTANT_CONVERSION = YES;
				CLANG_WARN_DEPRECATED_OBJC_IMPLEMENTATIONS = YES;
				CLANG_WARN_DIRECT_OBJC_ISA_USAGE = YES_ERROR;
				CLANG_WARN_DOCUMENTATION_COMMENTS = YES;
				CLANG_WARN_EMPTY_BODY = YES;
				CLANG_WARN_ENUM_CONVERSION = YES;
				CLANG_WARN_INFINITE_RECURSION = YES;
				CLANG_WARN_INT_CONVERSION = YES;
				CLANG_WARN_NON_LITERAL_NULL_CONVERSION = YES;
				CLANG_WARN_OBJC_IMPLICIT_RETAIN_SELF = YES;
				CLANG_WARN_OBJC_LITERAL_CONVERSION = YES;
				CLANG_WARN_OBJC_ROOT_CLASS = YES_ERROR;
				CLANG_WARN_QUOTED_INCLUDE_IN_FRAMEWORK_HEADER = YES;
				CLANG_WARN_RANGE_LOOP_ANALYSIS = YES;
				CLANG_WARN_STRICT_PROTOTYPES = YES;
				CLANG_WARN_SUSPICIOUS_MOVE = YES;
				CLANG_WARN_UNGUARDED_AVAILABILITY = YES_AGGRESSIVE;
				CLANG_WARN_UNREACHABLE_CODE = YES;
				CLANG_WARN__DUPLICATE_METHOD_MATCH = YES;
				COPY_PHASE_STRIP = NO;
				DEBUG_INFORMATION_FORMAT = "dwarf-with-dsym";
				ENABLE_NS_ASSERTIONS = NO;
				ENABLE_STRICT_OBJC_MSGSEND = YES;
				GCC_C_LANGUAGE_STANDARD = gnu11;
				GCC_NO_COMMON_BLOCKS = YES;
				GCC_WARN_64_TO_32_BIT_CONVERSION = YES;
				GCC_WARN_ABOUT_RETURN_TYPE = YES_ERROR;
				GCC_WARN_UNDECLARED_SELECTOR = YES;
				GCC_WARN_UNINITIALIZED_AUTOS = YES_AGGRESSIVE;
				GCC_WARN_UNUSED_FUNCTION = YES;
				GCC_WARN_UNUSED_VARIABLE = YES;
				IPHONEOS_DEPLOYMENT_TARGET = 14.0;
				MTL_ENABLE_DEBUG_INFO = NO;
				MTL_FAST_MATH = YES;
				SDKROOT = iphoneos;
				SWIFT_COMPILATION_MODE = wholemodule;
				SWIFT_OPTIMIZATION_LEVEL = "-O";
				VALIDATE_PRODUCT = YES;
			};
			name = Release;
		};
		65A30EAF24E34275008ECC5D /* Debug */ = {
			isa = XCBuildConfiguration;
			buildSettings = {
				ASSETCATALOG_COMPILER_APPICON_NAME = AppIcon;
				ASSETCATALOG_COMPILER_GLOBAL_ACCENT_COLOR_NAME = AccentColor;
				CODE_SIGN_STYLE = Automatic;
				DEVELOPMENT_ASSET_PATHS = "\"Fructus/Preview Content\"";
				DEVELOPMENT_TEAM = YKGT7F2C7C;
				ENABLE_PREVIEWS = YES;
				INFOPLIST_FILE = Fructus/Info.plist;
				IPHONEOS_DEPLOYMENT_TARGET = 14.0;
				LD_RUNPATH_SEARCH_PATHS = (
					"$(inherited)",
					"@executable_path/Frameworks",
				);
				PRODUCT_BUNDLE_IDENTIFIER = hudson.Fructus;
				PRODUCT_NAME = "$(TARGET_NAME)";
				SWIFT_VERSION = 5.0;
				TARGETED_DEVICE_FAMILY = "1,2";
			};
			name = Debug;
		};
		65A30EB024E34275008ECC5D /* Release */ = {
			isa = XCBuildConfiguration;
			buildSettings = {
				ASSETCATALOG_COMPILER_APPICON_NAME = AppIcon;
				ASSETCATALOG_COMPILER_GLOBAL_ACCENT_COLOR_NAME = AccentColor;
				CODE_SIGN_STYLE = Automatic;
				DEVELOPMENT_ASSET_PATHS = "\"Fructus/Preview Content\"";
				DEVELOPMENT_TEAM = YKGT7F2C7C;
				ENABLE_PREVIEWS = YES;
				INFOPLIST_FILE = Fructus/Info.plist;
				IPHONEOS_DEPLOYMENT_TARGET = 14.0;
				LD_RUNPATH_SEARCH_PATHS = (
					"$(inherited)",
					"@executable_path/Frameworks",
				);
				PRODUCT_BUNDLE_IDENTIFIER = hudson.Fructus;
				PRODUCT_NAME = "$(TARGET_NAME)";
				SWIFT_VERSION = 5.0;
				TARGETED_DEVICE_FAMILY = "1,2";
			};
			name = Release;
		};
/* End XCBuildConfiguration section */

/* Begin XCConfigurationList section */
		65A30E9A24E34272008ECC5D /* Build configuration list for PBXProject "Fructus" */ = {
			isa = XCConfigurationList;
			buildConfigurations = (
				65A30EAC24E34275008ECC5D /* Debug */,
				65A30EAD24E34275008ECC5D /* Release */,
			);
			defaultConfigurationIsVisible = 0;
			defaultConfigurationName = Release;
		};
		65A30EAE24E34275008ECC5D /* Build configuration list for PBXNativeTarget "Fructus" */ = {
			isa = XCConfigurationList;
			buildConfigurations = (
				65A30EAF24E34275008ECC5D /* Debug */,
				65A30EB024E34275008ECC5D /* Release */,
			);
			defaultConfigurationIsVisible = 0;
			defaultConfigurationName = Release;
		};
/* End XCConfigurationList section */
	};
	rootObject = 65A30E9724E34272008ECC5D /* Project object */;
}
